
Microsoft Visual Studio Solution File, Format Version 12.00
# Visual Studio 15
VisualStudioVersion = 15.0.28307.106
MinimumVisualStudioVersion = 10.0.40219.1
Project("{9A19103F-16F7-4668-BE54-9A1E7A4F7556}") = "Greety.Tests", "Greety.Tests\Greety.Tests.csproj", "{AA0926DB-4559-4C2F-8780-70A984807415}"
EndProject
Project("{9A19103F-16F7-4668-BE54-9A1E7A4F7556}") = "Greety", "Greety\Greety.csproj", "{07896445-8E4F-44BF-ACCE-14A8C01C2DD0}"
EndProject
Global
	GlobalSection(SolutionConfigurationPlatforms) = preSolution
		Debug|Any CPU = Debug|Any CPU
		Release|Any CPU = Release|Any CPU
	EndGlobalSection
	GlobalSection(ProjectConfigurationPlatforms) = postSolution
		{AA0926DB-4559-4C2F-8780-70A984807415}.Debug|Any CPU.ActiveCfg = Debug|Any CPU
		{AA0926DB-4559-4C2F-8780-70A984807415}.Debug|Any CPU.Build.0 = Debug|Any CPU
		{AA0926DB-4559-4C2F-8780-70A984807415}.Release|Any CPU.ActiveCfg = Release|Any CPU
		{AA0926DB-4559-4C2F-8780-70A984807415}.Release|Any CPU.Build.0 = Release|Any CPU
		{07896445-8E4F-44BF-ACCE-14A8C01C2DD0}.Debug|Any CPU.ActiveCfg = Debug|Any CPU
		{07896445-8E4F-44BF-ACCE-14A8C01C2DD0}.Debug|Any CPU.Build.0 = Debug|Any CPU
		{07896445-8E4F-44BF-ACCE-14A8C01C2DD0}.Release|Any CPU.ActiveCfg = Release|Any CPU
		{07896445-8E4F-44BF-ACCE-14A8C01C2DD0}.Release|Any CPU.Build.0 = Release|Any CPU
	EndGlobalSection
	GlobalSection(SolutionProperties) = preSolution
		HideSolutionNode = FALSE
	EndGlobalSection
	GlobalSection(ExtensibilityGlobals) = postSolution
		SolutionGuid = {CED6B377-ABC1-4200-A2D3-B947D38FFB66}
	EndGlobalSection
EndGlobal
